
Microsoft Visual Studio Solution File, Format Version 12.00
# Visual Studio Version 17
VisualStudioVersion = 17.4.33213.308
MinimumVisualStudioVersion = 10.0.40219.1
Project("{FAE04EC0-301F-11D3-BF4B-00C04F79EFBC}") = "1stAsignmentWithVisualStudio", "1stAsignmentWithVisualStudio\1stAsignmentWithVisualStudio.csproj", "{255471E3-88C4-47C2-AA14-2F8A93D2BBEF}"
EndProject
Global
	GlobalSection(SolutionConfigurationPlatforms) = preSolution
		Debug|Any CPU = Debug|Any CPU
		Release|Any CPU = Release|Any CPU
	EndGlobalSection
	GlobalSection(ProjectConfigurationPlatforms) = postSolution
		{255471E3-88C4-47C2-AA14-2F8A93D2BBEF}.Debug|Any CPU.ActiveCfg = Debug|Any CPU
		{255471E3-88C4-47C2-AA14-2F8A93D2BBEF}.Debug|Any CPU.Build.0 = Debug|Any CPU
		{255471E3-88C4-47C2-AA14-2F8A93D2BBEF}.Release|Any CPU.ActiveCfg = Release|Any CPU
		{255471E3-88C4-47C2-AA14-2F8A93D2BBEF}.Release|Any CPU.Build.0 = Release|Any CPU
	EndGlobalSection
	GlobalSection(SolutionProperties) = preSolution
		HideSolutionNode = FALSE
	EndGlobalSection
	GlobalSection(ExtensibilityGlobals) = postSolution
		SolutionGuid = {A089D22A-E861-4658-A633-6404B739BA15}
	EndGlobalSection
EndGlobal
